// !$*UTF8*$!
{
	archiveVersion = 1;
	classes = {
	};
	objectVersion = 46;
	objects = {

/* Begin PBXBuildFile section */
		FBB940EE1A36DEBD00ED87C7 /* main.m in Sources */ = {isa = PBXBuildFile; fileRef = FBB940ED1A36DEBD00ED87C7 /* main.m */; };
		FBB940F11A36DEBD00ED87C7 /* AppDelegate.m in Sources */ = {isa = PBXBuildFile; fileRef = FBB940F01A36DEBD00ED87C7 /* AppDelegate.m */; };
		FBB940F31A36DEBD00ED87C7 /* Images.xcassets in Resources */ = {isa = PBXBuildFile; fileRef = FBB940F21A36DEBD00ED87C7 /* Images.xcassets */; };
		FBB940F61A36DEBD00ED87C7 /* LaunchScreen.xib in Resources */ = {isa = PBXBuildFile; fileRef = FBB940F41A36DEBD00ED87C7 /* LaunchScreen.xib */; };
		FBB941021A36DEBD00ED87C7 /* _209_UIImageViewTests.m in Sources */ = {isa = PBXBuildFile; fileRef = FBB941011A36DEBD00ED87C7 /* _209_UIImageViewTests.m */; };
		FBB9410C1A36E13400ED87C7 /* back2.jpg in Resources */ = {isa = PBXBuildFile; fileRef = FBB9410B1A36E13400ED87C7 /* back2.jpg */; };
/* End PBXBuildFile section */

/* Begin PBXContainerItemProxy section */
		FBB940FC1A36DEBD00ED87C7 /* PBXContainerItemProxy */ = {
			isa = PBXContainerItemProxy;
			containerPortal = FBB940E01A36DEBD00ED87C7 /* Project object */;
			proxyType = 1;
			remoteGlobalIDString = FBB940E71A36DEBD00ED87C7;
			remoteInfo = 1209_UIImageView;
		};
/* End PBXContainerItemProxy section */

/* Begin PBXFileReference section */
		FBB940E81A36DEBD00ED87C7 /* 1209_UIImageView.app */ = {isa = PBXFileReference; explicitFileType = wrapper.application; includeInIndex = 0; path = 1209_UIImageView.app; sourceTree = BUILT_PRODUCTS_DIR; };
		FBB940EC1A36DEBD00ED87C7 /* Info.plist */ = {isa = PBXFileReference; lastKnownFileType = text.plist.xml; path = Info.plist; sourceTree = "<group>"; };
		FBB940ED1A36DEBD00ED87C7 /* main.m */ = {isa = PBXFileReference; lastKnownFileType = sourcecode.c.objc; path = main.m; sourceTree = "<group>"; };
		FBB940EF1A36DEBD00ED87C7 /* AppDelegate.h */ = {isa = PBXFileReference; lastKnownFileType = sourcecode.c.h; path = AppDelegate.h; sourceTree = "<group>"; };
		FBB940F01A36DEBD00ED87C7 /* AppDelegate.m */ = {isa = PBXFileReference; lastKnownFileType = sourcecode.c.objc; path = AppDelegate.m; sourceTree = "<group>"; };
		FBB940F21A36DEBD00ED87C7 /* Images.xcassets */ = {isa = PBXFileReference; lastKnownFileType = folder.assetcatalog; path = Images.xcassets; sourceTree = "<group>"; };
		FBB940F51A36DEBD00ED87C7 /* Base */ = {isa = PBXFileReference; lastKnownFileType = file.xib; name = Base; path = Base.lproj/LaunchScreen.xib; sourceTree = "<group>"; };
		FBB940FB1A36DEBD00ED87C7 /* 1209_UIImageViewTests.xctest */ = {isa = PBXFileReference; explicitFileType = wrapper.cfbundle; includeInIndex = 0; path = 1209_UIImageViewTests.xctest; sourceTree = BUILT_PRODUCTS_DIR; };
		FBB941001A36DEBD00ED87C7 /* Info.plist */ = {isa = PBXFileReference; lastKnownFileType = text.plist.xml; path = Info.plist; sourceTree = "<group>"; };
		FBB941011A36DEBD00ED87C7 /* _209_UIImageViewTests.m */ = {isa = PBXFileReference; lastKnownFileType = sourcecode.c.objc; path = _209_UIImageViewTests.m; sourceTree = "<group>"; };
		FBB9410B1A36E13400ED87C7 /* back2.jpg */ = {isa = PBXFileReference; lastKnownFileType = image.jpeg; path = back2.jpg; sourceTree = "<group>"; };
/* End PBXFileReference section */

/* Begin PBXFrameworksBuildPhase section */
		FBB940E51A36DEBD00ED87C7 /* Frameworks */ = {
			isa = PBXFrameworksBuildPhase;
			buildActionMask = 2147483647;
			files = (
			);
			runOnlyForDeploymentPostprocessing = 0;
		};
		FBB940F81A36DEBD00ED87C7 /* Frameworks */ = {
			isa = PBXFrameworksBuildPhase;
			buildActionMask = 2147483647;
			files = (
			);
			runOnlyForDeploymentPostprocessing = 0;
		};
/* End PBXFrameworksBuildPhase section */

/* Begin PBXGroup section */
		FBB940DF1A36DEBD00ED87C7 = {
			isa = PBXGroup;
			children = (
				FBB940EA1A36DEBD00ED87C7 /* 1209_UIImageView */,
				FBB940FE1A36DEBD00ED87C7 /* 1209_UIImageViewTests */,
				FBB940E91A36DEBD00ED87C7 /* Products */,
			);
			sourceTree = "<group>";
		};
		FBB940E91A36DEBD00ED87C7 /* Products */ = {
			isa = PBXGroup;
			children = (
				FBB940E81A36DEBD00ED87C7 /* 1209_UIImageView.app */,
				FBB940FB1A36DEBD00ED87C7 /* 1209_UIImageViewTests.xctest */,
			);
			name = Products;
			sourceTree = "<group>";
		};
		FBB940EA1A36DEBD00ED87C7 /* 1209_UIImageView */ = {
			isa = PBXGroup;
			children = (
				FBB9410B1A36E13400ED87C7 /* back2.jpg */,
				FBB940EF1A36DEBD00ED87C7 /* AppDelegate.h */,
				FBB940F01A36DEBD00ED87C7 /* AppDelegate.m */,
				FBB940F21A36DEBD00ED87C7 /* Images.xcassets */,
				FBB940F41A36DEBD00ED87C7 /* LaunchScreen.xib */,
				FBB940EB1A36DEBD00ED87C7 /* Supporting Files */,
			);
			path = 1209_UIImageView;
			sourceTree = "<group>";
		};
		FBB940EB1A36DEBD00ED87C7 /* Supporting Files */ = {
			isa = PBXGroup;
			children = (
				FBB940EC1A36DEBD00ED87C7 /* Info.plist */,
				FBB940ED1A36DEBD00ED87C7 /* main.m */,
			);
			name = "Supporting Files";
			sourceTree = "<group>";
		};
		FBB940FE1A36DEBD00ED87C7 /* 1209_UIImageViewTests */ = {
			isa = PBXGroup;
			children = (
				FBB941011A36DEBD00ED87C7 /* _209_UIImageViewTests.m */,
				FBB940FF1A36DEBD00ED87C7 /* Supporting Files */,
			);
			path = 1209_UIImageViewTests;
			sourceTree = "<group>";
		};
		FBB940FF1A36DEBD00ED87C7 /* Supporting Files */ = {
			isa = PBXGroup;
			children = (
				FBB941001A36DEBD00ED87C7 /* Info.plist */,
			);
			name = "Supporting Files";
			sourceTree = "<group>";
		};
/* End PBXGroup section */

/* Begin PBXNativeTarget section */
		FBB940E71A36DEBD00ED87C7 /* 1209_UIImageView */ = {
			isa = PBXNativeTarget;
			buildConfigurationList = FBB941051A36DEBD00ED87C7 /* Build configuration list for PBXNativeTarget "1209_UIImageView" */;
			buildPhases = (
				FBB940E41A36DEBD00ED87C7 /* Sources */,
				FBB940E51A36DEBD00ED87C7 /* Frameworks */,
				FBB940E61A36DEBD00ED87C7 /* Resources */,
			);
			buildRules = (
			);
			dependencies = (
			);
			name = 1209_UIImageView;
			productName = 1209_UIImageView;
			productReference = FBB940E81A36DEBD00ED87C7 /* 1209_UIImageView.app */;
			productType = "com.apple.product-type.application";
		};
		FBB940FA1A36DEBD00ED87C7 /* 1209_UIImageViewTests */ = {
			isa = PBXNativeTarget;
			buildConfigurationList = FBB941081A36DEBD00ED87C7 /* Build configuration list for PBXNativeTarget "1209_UIImageViewTests" */;
			buildPhases = (
				FBB940F71A36DEBD00ED87C7 /* Sources */,
				FBB940F81A36DEBD00ED87C7 /* Frameworks */,
				FBB940F91A36DEBD00ED87C7 /* Resources */,
			);
			buildRules = (
			);
			dependencies = (
				FBB940FD1A36DEBD00ED87C7 /* PBXTargetDependency */,
			);
			name = 1209_UIImageViewTests;
			productName = 1209_UIImageViewTests;
			productReference = FBB940FB1A36DEBD00ED87C7 /* 1209_UIImageViewTests.xctest */;
			productType = "com.apple.product-type.bundle.unit-test";
		};
/* End PBXNativeTarget section */

/* Begin PBXProject section */
		FBB940E01A36DEBD00ED87C7 /* Project object */ = {
			isa = PBXProject;
			attributes = {
				LastUpgradeCheck = 0610;
				ORGANIZATIONNAME = zx;
				TargetAttributes = {
					FBB940E71A36DEBD00ED87C7 = {
						CreatedOnToolsVersion = 6.1;
					};
					FBB940FA1A36DEBD00ED87C7 = {
						CreatedOnToolsVersion = 6.1;
						TestTargetID = FBB940E71A36DEBD00ED87C7;
					};
				};
			};
			buildConfigurationList = FBB940E31A36DEBD00ED87C7 /* Build configuration list for PBXProject "1209_UIImageView" */;
			compatibilityVersion = "Xcode 3.2";
			developmentRegion = English;
			hasScannedForEncodings = 0;
			knownRegions = (
				en,
				Base,
			);
			mainGroup = FBB940DF1A36DEBD00ED87C7;
			productRefGroup = FBB940E91A36DEBD00ED87C7 /* Products */;
			projectDirPath = "";
			projectRoot = "";
			targets = (
				FBB940E71A36DEBD00ED87C7 /* 1209_UIImageView */,
				FBB940FA1A36DEBD00ED87C7 /* 1209_UIImageViewTests */,
			);
		};
/* End PBXProject section */

/* Begin PBXResourcesBuildPhase section */
		FBB940E61A36DEBD00ED87C7 /* Resources */ = {
			isa = PBXResourcesBuildPhase;
			buildActionMask = 2147483647;
			files = (
				FBB9410C1A36E13400ED87C7 /* back2.jpg in Resources */,
				FBB940F61A36DEBD00ED87C7 /* LaunchScreen.xib in Resources */,
				FBB940F31A36DEBD00ED87C7 /* Images.xcassets in Resources */,
			);
			runOnlyForDeploymentPostprocessing = 0;
		};
		FBB940F91A36DEBD00ED87C7 /* Resources */ = {
			isa = PBXResourcesBuildPhase;
			buildActionMask = 2147483647;
			files = (
			);
			runOnlyForDeploymentPostprocessing = 0;
		};
/* End PBXResourcesBuildPhase section */

/* Begin PBXSourcesBuildPhase section */
		FBB940E41A36DEBD00ED87C7 /* Sources */ = {
			isa = PBXSourcesBuildPhase;
			buildActionMask = 2147483647;
			files = (
				FBB940F11A36DEBD00ED87C7 /* AppDelegate.m in Sources */,
				FBB940EE1A36DEBD00ED87C7 /* main.m in Sources */,
			);
			runOnlyForDeploymentPostprocessing = 0;
		};
		FBB940F71A36DEBD00ED87C7 /* Sources */ = {
			isa = PBXSourcesBuildPhase;
			buildActionMask = 2147483647;
			files = (
				FBB941021A36DEBD00ED87C7 /* _209_UIImageViewTests.m in Sources */,
			);
			runOnlyForDeploymentPostprocessing = 0;
		};
/* End PBXSourcesBuildPhase section */

/* Begin PBXTargetDependency section */
		FBB940FD1A36DEBD00ED87C7 /* PBXTargetDependency */ = {
			isa = PBXTargetDependency;
			target = FBB940E71A36DEBD00ED87C7 /* 1209_UIImageView */;
			targetProxy = FBB940FC1A36DEBD00ED87C7 /* PBXContainerItemProxy */;
		};
/* End PBXTargetDependency section */

/* Begin PBXVariantGroup section */
		FBB940F41A36DEBD00ED87C7 /* LaunchScreen.xib */ = {
			isa = PBXVariantGroup;
			children = (
				FBB940F51A36DEBD00ED87C7 /* Base */,
			);
			name = LaunchScreen.xib;
			sourceTree = "<group>";
		};
/* End PBXVariantGroup section */

/* Begin XCBuildConfiguration section */
		FBB941031A36DEBD00ED87C7 /* Debug */ = {
			isa = XCBuildConfiguration;
			buildSettings = {
				ALWAYS_SEARCH_USER_PATHS = NO;
				CLANG_CXX_LANGUAGE_STANDARD = "gnu++0x";
				CLANG_CXX_LIBRARY = "libc++";
				CLANG_ENABLE_MODULES = YES;
				CLANG_ENABLE_OBJC_ARC = YES;
				CLANG_WARN_BOOL_CONVERSION = YES;
				CLANG_WARN_CONSTANT_CONVERSION = YES;
				CLANG_WARN_DIRECT_OBJC_ISA_USAGE = YES_ERROR;
				CLANG_WARN_EMPTY_BODY = YES;
				CLANG_WARN_ENUM_CONVERSION = YES;
				CLANG_WARN_INT_CONVERSION = YES;
				CLANG_WARN_OBJC_ROOT_CLASS = YES_ERROR;
				CLANG_WARN_UNREACHABLE_CODE = YES;
				CLANG_WARN__DUPLICATE_METHOD_MATCH = YES;
				"CODE_SIGN_IDENTITY[sdk=iphoneos*]" = "iPhone Developer";
				COPY_PHASE_STRIP = NO;
				ENABLE_STRICT_OBJC_MSGSEND = YES;
				GCC_C_LANGUAGE_STANDARD = gnu99;
				GCC_DYNAMIC_NO_PIC = NO;
				GCC_OPTIMIZATION_LEVEL = 0;
				GCC_PREPROCESSOR_DEFINITIONS = (
					"DEBUG=1",
					"$(inherited)",
				);
				GCC_SYMBOLS_PRIVATE_EXTERN = NO;
				GCC_WARN_64_TO_32_BIT_CONVERSION = YES;
				GCC_WARN_ABOUT_RETURN_TYPE = YES_ERROR;
				GCC_WARN_UNDECLARED_SELECTOR = YES;
				GCC_WARN_UNINITIALIZED_AUTOS = YES_AGGRESSIVE;
				GCC_WARN_UNUSED_FUNCTION = YES;
				GCC_WARN_UNUSED_VARIABLE = YES;
				IPHONEOS_DEPLOYMENT_TARGET = 8.1;
				MTL_ENABLE_DEBUG_INFO = YES;
				ONLY_ACTIVE_ARCH = YES;
				SDKROOT = iphoneos;
			};
			name = Debug;
		};
		FBB941041A36DEBD00ED87C7 /* Release */ = {
			isa = XCBuildConfiguration;
			buildSettings = {
				ALWAYS_SEARCH_USER_PATHS = NO;
				CLANG_CXX_LANGUAGE_STANDARD = "gnu++0x";
				CLANG_CXX_LIBRARY = "libc++";
				CLANG_ENABLE_MODULES = YES;
				CLANG_ENABLE_OBJC_ARC = YES;
				CLANG_WARN_BOOL_CONVERSION = YES;
				CLANG_WARN_CONSTANT_CONVERSION = YES;
				CLANG_WARN_DIRECT_OBJC_ISA_USAGE = YES_ERROR;
				CLANG_WARN_EMPTY_BODY = YES;
				CLANG_WARN_ENUM_CONVERSION = YES;
				CLANG_WARN_INT_CONVERSION = YES;
				CLANG_WARN_OBJC_ROOT_CLASS = YES_ERROR;
				CLANG_WARN_UNREACHABLE_CODE = YES;
				CLANG_WARN__DUPLICATE_METHOD_MATCH = YES;
				"CODE_SIGN_IDENTITY[sdk=iphoneos*]" = "iPhone Developer";
				COPY_PHASE_STRIP = YES;
				ENABLE_NS_ASSERTIONS = NO;
				ENABLE_STRICT_OBJC_MSGSEND = YES;
				GCC_C_LANGUAGE_STANDARD = gnu99;
				GCC_WARN_64_TO_32_BIT_CONVERSION = YES;
				GCC_WARN_ABOUT_RETURN_TYPE = YES_ERROR;
				GCC_WARN_UNDECLARED_SELECTOR = YES;
				GCC_WARN_UNINITIALIZED_AUTOS = YES_AGGRESSIVE;
				GCC_WARN_UNUSED_FUNCTION = YES;
				GCC_WARN_UNUSED_VARIABLE = YES;
				IPHONEOS_DEPLOYMENT_TARGET = 8.1;
				MTL_ENABLE_DEBUG_INFO = NO;
				SDKROOT = iphoneos;
				VALIDATE_PRODUCT = YES;
			};
			name = Release;
		};
		FBB941061A36DEBD00ED87C7 /* Debug */ = {
			isa = XCBuildConfiguration;
			buildSettings = {
				ASSETCATALOG_COMPILER_APPICON_NAME = AppIcon;
				INFOPLIST_FILE = 1209_UIImageView/Info.plist;
				LD_RUNPATH_SEARCH_PATHS = "$(inherited) @executable_path/Frameworks";
				PRODUCT_NAME = "$(TARGET_NAME)";
			};
			name = Debug;
		};
		FBB941071A36DEBD00ED87C7 /* Release */ = {
			isa = XCBuildConfiguration;
			buildSettings = {
				ASSETCATALOG_COMPILER_APPICON_NAME = AppIcon;
				INFOPLIST_FILE = 1209_UIImageView/Info.plist;
				LD_RUNPATH_SEARCH_PATHS = "$(inherited) @executable_path/Frameworks";
				PRODUCT_NAME = "$(TARGET_NAME)";
			};
			name = Release;
		};
		FBB941091A36DEBD00ED87C7 /* Debug */ = {
			isa = XCBuildConfiguration;
			buildSettings = {
				BUNDLE_LOADER = "$(TEST_HOST)";
				FRAMEWORK_SEARCH_PATHS = (
					"$(SDKROOT)/Developer/Library/Frameworks",
					"$(inherited)",
				);
				GCC_PREPROCESSOR_DEFINITIONS = (
					"DEBUG=1",
					"$(inherited)",
				);
				INFOPLIST_FILE = 1209_UIImageViewTests/Info.plist;
				LD_RUNPATH_SEARCH_PATHS = "$(inherited) @executable_path/Frameworks @loader_path/Frameworks";
				PRODUCT_NAME = "$(TARGET_NAME)";
				TEST_HOST = "$(BUILT_PRODUCTS_DIR)/1209_UIImageView.app/1209_UIImageView";
			};
			name = Debug;
		};
		FBB9410A1A36DEBD00ED87C7 /* Release */ = {
			isa = XCBuildConfiguration;
			buildSettings = {
				BUNDLE_LOADER = "$(TEST_HOST)";
				FRAMEWORK_SEARCH_PATHS = (
					"$(SDKROOT)/Developer/Library/Frameworks",
					"$(inherited)",
				);
				INFOPLIST_FILE = 1209_UIImageViewTests/Info.plist;
				LD_RUNPATH_SEARCH_PATHS = "$(inherited) @executable_path/Frameworks @loader_path/Frameworks";
				PRODUCT_NAME = "$(TARGET_NAME)";
				TEST_HOST = "$(BUILT_PRODUCTS_DIR)/1209_UIImageView.app/1209_UIImageView";
			};
			name = Release;
		};
/* End XCBuildConfiguration section */

/* Begin XCConfigurationList section */
		FBB940E31A36DEBD00ED87C7 /* Build configuration list for PBXProject "1209_UIImageView" */ = {
			isa = XCConfigurationList;
			buildConfigurations = (
				FBB941031A36DEBD00ED87C7 /* Debug */,
				FBB941041A36DEBD00ED87C7 /* Release */,
			);
			defaultConfigurationIsVisible = 0;
			defaultConfigurationName = Release;
		};
		FBB941051A36DEBD00ED87C7 /* Build configuration list for PBXNativeTarget "1209_UIImageView" */ = {
			isa = XCConfigurationList;
			buildConfigurations = (
				FBB941061A36DEBD00ED87C7 /* Debug */,
				FBB941071A36DEBD00ED87C7 /* Release */,
			);
			defaultConfigurationIsVisible = 0;
			defaultConfigurationName = Release;
		};
		FBB941081A36DEBD00ED87C7 /* Build configuration list for PBXNativeTarget "1209_UIImageViewTests" */ = {
			isa = XCConfigurationList;
			buildConfigurations = (
				FBB941091A36DEBD00ED87C7 /* Debug */,
				FBB9410A1A36DEBD00ED87C7 /* Release */,
			);
			defaultConfigurationIsVisible = 0;
			defaultConfigurationName = Release;
		};
/* End XCConfigurationList section */
	};
	rootObject = FBB940E01A36DEBD00ED87C7 /* Project object */;
}
