// !$*UTF8*$!
{
	archiveVersion = 1;
	classes = {
	};
	objectVersion = 46;
	objects = {

/* Begin PBXBuildFile section */
		FB41412F1A67AE34005E5198 /* Foundation.framework in Frameworks */ = {isa = PBXBuildFile; fileRef = FB41412E1A67AE34005E5198 /* Foundation.framework */; };
		FB4141311A67AE34005E5198 /* CoreGraphics.framework in Frameworks */ = {isa = PBXBuildFile; fileRef = FB4141301A67AE34005E5198 /* CoreGraphics.framework */; };
		FB4141331A67AE34005E5198 /* UIKit.framework in Frameworks */ = {isa = PBXBuildFile; fileRef = FB4141321A67AE34005E5198 /* UIKit.framework */; };
		FB4141391A67AE34005E5198 /* InfoPlist.strings in Resources */ = {isa = PBXBuildFile; fileRef = FB4141371A67AE34005E5198 /* InfoPlist.strings */; };
		FB41413B1A67AE34005E5198 /* main.m in Sources */ = {isa = PBXBuildFile; fileRef = FB41413A1A67AE34005E5198 /* main.m */; };
		FB41413F1A67AE34005E5198 /* ZXAppDelegate.m in Sources */ = {isa = PBXBuildFile; fileRef = FB41413E1A67AE34005E5198 /* ZXAppDelegate.m */; };
		FB4141411A67AE34005E5198 /* Images.xcassets in Resources */ = {isa = PBXBuildFile; fileRef = FB4141401A67AE34005E5198 /* Images.xcassets */; };
		FB4141481A67AE34005E5198 /* XCTest.framework in Frameworks */ = {isa = PBXBuildFile; fileRef = FB4141471A67AE34005E5198 /* XCTest.framework */; };
		FB4141491A67AE34005E5198 /* Foundation.framework in Frameworks */ = {isa = PBXBuildFile; fileRef = FB41412E1A67AE34005E5198 /* Foundation.framework */; };
		FB41414A1A67AE34005E5198 /* UIKit.framework in Frameworks */ = {isa = PBXBuildFile; fileRef = FB4141321A67AE34005E5198 /* UIKit.framework */; };
		FB4141521A67AE34005E5198 /* InfoPlist.strings in Resources */ = {isa = PBXBuildFile; fileRef = FB4141501A67AE34005E5198 /* InfoPlist.strings */; };
		FB4141541A67AE34005E5198 /* Review_DataBaseTests.m in Sources */ = {isa = PBXBuildFile; fileRef = FB4141531A67AE34005E5198 /* Review_DataBaseTests.m */; };
		FB4141611A67AF6F005E5198 /* Download.m in Sources */ = {isa = PBXBuildFile; fileRef = FB41415E1A67AF6F005E5198 /* Download.m */; };
		FB4141621A67AF6F005E5198 /* DownloadManager.m in Sources */ = {isa = PBXBuildFile; fileRef = FB4141601A67AF6F005E5198 /* DownloadManager.m */; };
		FB4141651A67B075005E5198 /* ZXMainViewContrller.m in Sources */ = {isa = PBXBuildFile; fileRef = FB4141641A67B075005E5198 /* ZXMainViewContrller.m */; };
		FB81D9231A67BBFD00F9FDA1 /* MainArticleModel.m in Sources */ = {isa = PBXBuildFile; fileRef = FB81D9221A67BBFD00F9FDA1 /* MainArticleModel.m */; };
		FB81D9261A67BE2600F9FDA1 /* DataBase.m in Sources */ = {isa = PBXBuildFile; fileRef = FB81D9251A67BE2600F9FDA1 /* DataBase.m */; };
		FBAC2B0C1A67B15500B207C4 /* ZXViewController1.m in Sources */ = {isa = PBXBuildFile; fileRef = FBAC2B0B1A67B15500B207C4 /* ZXViewController1.m */; };
		FBAC2B0F1A67B15C00B207C4 /* ZXViewController2.m in Sources */ = {isa = PBXBuildFile; fileRef = FBAC2B0E1A67B15C00B207C4 /* ZXViewController2.m */; };
		FBAC2B121A67B16200B207C4 /* ZXViewController3.m in Sources */ = {isa = PBXBuildFile; fileRef = FBAC2B111A67B16200B207C4 /* ZXViewController3.m */; };
		FBAC2B151A67B16900B207C4 /* ZXViewController4.m in Sources */ = {isa = PBXBuildFile; fileRef = FBAC2B141A67B16900B207C4 /* ZXViewController4.m */; };
		FBAC2B181A67B18F00B207C4 /* ZXMyTabBarViewController.m in Sources */ = {isa = PBXBuildFile; fileRef = FBAC2B171A67B18F00B207C4 /* ZXMyTabBarViewController.m */; };
		FBC9656B1A67B489003A8624 /* tabbar_rank.png in Resources */ = {isa = PBXBuildFile; fileRef = FBC965691A67B489003A8624 /* tabbar_rank.png */; };
		FBC9656C1A67B489003A8624 /* tabbar_rank@2x.png in Resources */ = {isa = PBXBuildFile; fileRef = FBC9656A1A67B489003A8624 /* tabbar_rank@2x.png */; };
		FBC9657B1A67B745003A8624 /* FMDatabase.m in Sources */ = {isa = PBXBuildFile; fileRef = FBC965721A67B745003A8624 /* FMDatabase.m */; };
		FBC9657C1A67B745003A8624 /* FMDatabaseAdditions.m in Sources */ = {isa = PBXBuildFile; fileRef = FBC965741A67B745003A8624 /* FMDatabaseAdditions.m */; };
		FBC9657D1A67B745003A8624 /* FMDatabasePool.m in Sources */ = {isa = PBXBuildFile; fileRef = FBC965761A67B745003A8624 /* FMDatabasePool.m */; };
		FBC9657E1A67B745003A8624 /* FMDatabaseQueue.m in Sources */ = {isa = PBXBuildFile; fileRef = FBC965781A67B745003A8624 /* FMDatabaseQueue.m */; };
		FBC9657F1A67B745003A8624 /* FMResultSet.m in Sources */ = {isa = PBXBuildFile; fileRef = FBC9657A1A67B745003A8624 /* FMResultSet.m */; };
		FBC965821A67B793003A8624 /* libsqlite3.dylib in Frameworks */ = {isa = PBXBuildFile; fileRef = FBC965811A67B793003A8624 /* libsqlite3.dylib */; };
		FBC9659B1A67B8AA003A8624 /* AFHTTPRequestOperation.m in Sources */ = {isa = PBXBuildFile; fileRef = FBC965891A67B8AA003A8624 /* AFHTTPRequestOperation.m */; };
		FBC9659C1A67B8AA003A8624 /* AFHTTPRequestOperationManager.m in Sources */ = {isa = PBXBuildFile; fileRef = FBC9658B1A67B8AA003A8624 /* AFHTTPRequestOperationManager.m */; };
		FBC9659D1A67B8AA003A8624 /* AFHTTPSessionManager.m in Sources */ = {isa = PBXBuildFile; fileRef = FBC9658D1A67B8AA003A8624 /* AFHTTPSessionManager.m */; };
		FBC9659E1A67B8AA003A8624 /* AFNetworkReachabilityManager.m in Sources */ = {isa = PBXBuildFile; fileRef = FBC965901A67B8AA003A8624 /* AFNetworkReachabilityManager.m */; };
		FBC9659F1A67B8AA003A8624 /* AFSecurityPolicy.m in Sources */ = {isa = PBXBuildFile; fileRef = FBC965921A67B8AA003A8624 /* AFSecurityPolicy.m */; };
		FBC965A01A67B8AA003A8624 /* AFURLConnectionOperation.m in Sources */ = {isa = PBXBuildFile; fileRef = FBC965941A67B8AA003A8624 /* AFURLConnectionOperation.m */; };
		FBC965A11A67B8AA003A8624 /* AFURLRequestSerialization.m in Sources */ = {isa = PBXBuildFile; fileRef = FBC965961A67B8AA003A8624 /* AFURLRequestSerialization.m */; };
		FBC965A21A67B8AA003A8624 /* AFURLResponseSerialization.m in Sources */ = {isa = PBXBuildFile; fileRef = FBC965981A67B8AA003A8624 /* AFURLResponseSerialization.m */; };
		FBC965A31A67B8AA003A8624 /* AFURLSessionManager.m in Sources */ = {isa = PBXBuildFile; fileRef = FBC9659A1A67B8AA003A8624 /* AFURLSessionManager.m */; };
		FBDDDCB41A67C6030089CF26 /* demo.db in Resources */ = {isa = PBXBuildFile; fileRef = FBDDDCB31A67C6030089CF26 /* demo.db */; };
		FBDDDCB81A67DF210089CF26 /* ZXMainCell.m in Sources */ = {isa = PBXBuildFile; fileRef = FBDDDCB71A67DF210089CF26 /* ZXMainCell.m */; };
		FBDDDCBB1A67EC530089CF26 /* ZXCollectionViewController.m in Sources */ = {isa = PBXBuildFile; fileRef = FBDDDCBA1A67EC530089CF26 /* ZXCollectionViewController.m */; };
/* End PBXBuildFile section */

/* Begin PBXContainerItemProxy section */
		FB41414B1A67AE34005E5198 /* PBXContainerItemProxy */ = {
			isa = PBXContainerItemProxy;
			containerPortal = FB4141231A67AE34005E5198 /* Project object */;
			proxyType = 1;
			remoteGlobalIDString = FB41412A1A67AE34005E5198;
			remoteInfo = Review_DataBase;
		};
/* End PBXContainerItemProxy section */

/* Begin PBXFileReference section */
		FB41412B1A67AE34005E5198 /* Review_DataBase.app */ = {isa = PBXFileReference; explicitFileType = wrapper.application; includeInIndex = 0; path = Review_DataBase.app; sourceTree = BUILT_PRODUCTS_DIR; };
		FB41412E1A67AE34005E5198 /* Foundation.framework */ = {isa = PBXFileReference; lastKnownFileType = wrapper.framework; name = Foundation.framework; path = System/Library/Frameworks/Foundation.framework; sourceTree = SDKROOT; };
		FB4141301A67AE34005E5198 /* CoreGraphics.framework */ = {isa = PBXFileReference; lastKnownFileType = wrapper.framework; name = CoreGraphics.framework; path = System/Library/Frameworks/CoreGraphics.framework; sourceTree = SDKROOT; };
		FB4141321A67AE34005E5198 /* UIKit.framework */ = {isa = PBXFileReference; lastKnownFileType = wrapper.framework; name = UIKit.framework; path = System/Library/Frameworks/UIKit.framework; sourceTree = SDKROOT; };
		FB4141361A67AE34005E5198 /* Review_DataBase-Info.plist */ = {isa = PBXFileReference; lastKnownFileType = text.plist.xml; path = "Review_DataBase-Info.plist"; sourceTree = "<group>"; };
		FB4141381A67AE34005E5198 /* en */ = {isa = PBXFileReference; lastKnownFileType = text.plist.strings; name = en; path = en.lproj/InfoPlist.strings; sourceTree = "<group>"; };
		FB41413A1A67AE34005E5198 /* main.m */ = {isa = PBXFileReference; lastKnownFileType = sourcecode.c.objc; path = main.m; sourceTree = "<group>"; };
		FB41413C1A67AE34005E5198 /* Review_DataBase-Prefix.pch */ = {isa = PBXFileReference; lastKnownFileType = sourcecode.c.h; path = "Review_DataBase-Prefix.pch"; sourceTree = "<group>"; };
		FB41413D1A67AE34005E5198 /* ZXAppDelegate.h */ = {isa = PBXFileReference; lastKnownFileType = sourcecode.c.h; path = ZXAppDelegate.h; sourceTree = "<group>"; };
		FB41413E1A67AE34005E5198 /* ZXAppDelegate.m */ = {isa = PBXFileReference; lastKnownFileType = sourcecode.c.objc; path = ZXAppDelegate.m; sourceTree = "<group>"; };
		FB4141401A67AE34005E5198 /* Images.xcassets */ = {isa = PBXFileReference; lastKnownFileType = folder.assetcatalog; path = Images.xcassets; sourceTree = "<group>"; };
		FB4141461A67AE34005E5198 /* Review_DataBaseTests.xctest */ = {isa = PBXFileReference; explicitFileType = wrapper.cfbundle; includeInIndex = 0; path = Review_DataBaseTests.xctest; sourceTree = BUILT_PRODUCTS_DIR; };
		FB4141471A67AE34005E5198 /* XCTest.framework */ = {isa = PBXFileReference; lastKnownFileType = wrapper.framework; name = XCTest.framework; path = Library/Frameworks/XCTest.framework; sourceTree = DEVELOPER_DIR; };
		FB41414F1A67AE34005E5198 /* Review_DataBaseTests-Info.plist */ = {isa = PBXFileReference; lastKnownFileType = text.plist.xml; path = "Review_DataBaseTests-Info.plist"; sourceTree = "<group>"; };
		FB4141511A67AE34005E5198 /* en */ = {isa = PBXFileReference; lastKnownFileType = text.plist.strings; name = en; path = en.lproj/InfoPlist.strings; sourceTree = "<group>"; };
		FB4141531A67AE34005E5198 /* Review_DataBaseTests.m */ = {isa = PBXFileReference; lastKnownFileType = sourcecode.c.objc; path = Review_DataBaseTests.m; sourceTree = "<group>"; };
		FB41415D1A67AF6F005E5198 /* Download.h */ = {isa = PBXFileReference; fileEncoding = 4; lastKnownFileType = sourcecode.c.h; path = Download.h; sourceTree = "<group>"; };
		FB41415E1A67AF6F005E5198 /* Download.m */ = {isa = PBXFileReference; fileEncoding = 4; lastKnownFileType = sourcecode.c.objc; path = Download.m; sourceTree = "<group>"; };
		FB41415F1A67AF6F005E5198 /* DownloadManager.h */ = {isa = PBXFileReference; fileEncoding = 4; lastKnownFileType = sourcecode.c.h; path = DownloadManager.h; sourceTree = "<group>"; };
		FB4141601A67AF6F005E5198 /* DownloadManager.m */ = {isa = PBXFileReference; fileEncoding = 4; lastKnownFileType = sourcecode.c.objc; path = DownloadManager.m; sourceTree = "<group>"; };
		FB4141631A67B075005E5198 /* ZXMainViewContrller.h */ = {isa = PBXFileReference; fileEncoding = 4; lastKnownFileType = sourcecode.c.h; path = ZXMainViewContrller.h; sourceTree = "<group>"; };
		FB4141641A67B075005E5198 /* ZXMainViewContrller.m */ = {isa = PBXFileReference; fileEncoding = 4; lastKnownFileType = sourcecode.c.objc; path = ZXMainViewContrller.m; sourceTree = "<group>"; };
		FB81D9211A67BBFD00F9FDA1 /* MainArticleModel.h */ = {isa = PBXFileReference; fileEncoding = 4; lastKnownFileType = sourcecode.c.h; path = MainArticleModel.h; sourceTree = "<group>"; };
		FB81D9221A67BBFD00F9FDA1 /* MainArticleModel.m */ = {isa = PBXFileReference; fileEncoding = 4; lastKnownFileType = sourcecode.c.objc; path = MainArticleModel.m; sourceTree = "<group>"; };
		FB81D9241A67BE2600F9FDA1 /* DataBase.h */ = {isa = PBXFileReference; fileEncoding = 4; lastKnownFileType = sourcecode.c.h; path = DataBase.h; sourceTree = "<group>"; };
		FB81D9251A67BE2600F9FDA1 /* DataBase.m */ = {isa = PBXFileReference; fileEncoding = 4; lastKnownFileType = sourcecode.c.objc; path = DataBase.m; sourceTree = "<group>"; };
		FBAC2B0A1A67B15500B207C4 /* ZXViewController1.h */ = {isa = PBXFileReference; fileEncoding = 4; lastKnownFileType = sourcecode.c.h; path = ZXViewController1.h; sourceTree = "<group>"; };
		FBAC2B0B1A67B15500B207C4 /* ZXViewController1.m */ = {isa = PBXFileReference; fileEncoding = 4; lastKnownFileType = sourcecode.c.objc; path = ZXViewController1.m; sourceTree = "<group>"; };
		FBAC2B0D1A67B15C00B207C4 /* ZXViewController2.h */ = {isa = PBXFileReference; fileEncoding = 4; lastKnownFileType = sourcecode.c.h; path = ZXViewController2.h; sourceTree = "<group>"; };
		FBAC2B0E1A67B15C00B207C4 /* ZXViewController2.m */ = {isa = PBXFileReference; fileEncoding = 4; lastKnownFileType = sourcecode.c.objc; path = ZXViewController2.m; sourceTree = "<group>"; };
		FBAC2B101A67B16200B207C4 /* ZXViewController3.h */ = {isa = PBXFileReference; fileEncoding = 4; lastKnownFileType = sourcecode.c.h; path = ZXViewController3.h; sourceTree = "<group>"; };
		FBAC2B111A67B16200B207C4 /* ZXViewController3.m */ = {isa = PBXFileReference; fileEncoding = 4; lastKnownFileType = sourcecode.c.objc; path = ZXViewController3.m; sourceTree = "<group>"; };
		FBAC2B131A67B16900B207C4 /* ZXViewController4.h */ = {isa = PBXFileReference; fileEncoding = 4; lastKnownFileType = sourcecode.c.h; path = ZXViewController4.h; sourceTree = "<group>"; };
		FBAC2B141A67B16900B207C4 /* ZXViewController4.m */ = {isa = PBXFileReference; fileEncoding = 4; lastKnownFileType = sourcecode.c.objc; path = ZXViewController4.m; sourceTree = "<group>"; };
		FBAC2B161A67B18F00B207C4 /* ZXMyTabBarViewController.h */ = {isa = PBXFileReference; fileEncoding = 4; lastKnownFileType = sourcecode.c.h; path = ZXMyTabBarViewController.h; sourceTree = "<group>"; };
		FBAC2B171A67B18F00B207C4 /* ZXMyTabBarViewController.m */ = {isa = PBXFileReference; fileEncoding = 4; lastKnownFileType = sourcecode.c.objc; path = ZXMyTabBarViewController.m; sourceTree = "<group>"; };
		FBC965691A67B489003A8624 /* tabbar_rank.png */ = {isa = PBXFileReference; lastKnownFileType = image.png; path = tabbar_rank.png; sourceTree = "<group>"; };
		FBC9656A1A67B489003A8624 /* tabbar_rank@2x.png */ = {isa = PBXFileReference; lastKnownFileType = image.png; path = "tabbar_rank@2x.png"; sourceTree = "<group>"; };
		FBC965711A67B745003A8624 /* FMDatabase.h */ = {isa = PBXFileReference; fileEncoding = 4; lastKnownFileType = sourcecode.c.h; path = FMDatabase.h; sourceTree = "<group>"; };
		FBC965721A67B745003A8624 /* FMDatabase.m */ = {isa = PBXFileReference; fileEncoding = 4; lastKnownFileType = sourcecode.c.objc; path = FMDatabase.m; sourceTree = "<group>"; };
		FBC965731A67B745003A8624 /* FMDatabaseAdditions.h */ = {isa = PBXFileReference; fileEncoding = 4; lastKnownFileType = sourcecode.c.h; path = FMDatabaseAdditions.h; sourceTree = "<group>"; };
		FBC965741A67B745003A8624 /* FMDatabaseAdditions.m */ = {isa = PBXFileReference; fileEncoding = 4; lastKnownFileType = sourcecode.c.objc; path = FMDatabaseAdditions.m; sourceTree = "<group>"; };
		FBC965751A67B745003A8624 /* FMDatabasePool.h */ = {isa = PBXFileReference; fileEncoding = 4; lastKnownFileType = sourcecode.c.h; path = FMDatabasePool.h; sourceTree = "<group>"; };
		FBC965761A67B745003A8624 /* FMDatabasePool.m */ = {isa = PBXFileReference; fileEncoding = 4; lastKnownFileType = sourcecode.c.objc; path = FMDatabasePool.m; sourceTree = "<group>"; };
		FBC965771A67B745003A8624 /* FMDatabaseQueue.h */ = {isa = PBXFileReference; fileEncoding = 4; lastKnownFileType = sourcecode.c.h; path = FMDatabaseQueue.h; sourceTree = "<group>"; };
		FBC965781A67B745003A8624 /* FMDatabaseQueue.m */ = {isa = PBXFileReference; fileEncoding = 4; lastKnownFileType = sourcecode.c.objc; path = FMDatabaseQueue.m; sourceTree = "<group>"; };
		FBC965791A67B745003A8624 /* FMResultSet.h */ = {isa = PBXFileReference; fileEncoding = 4; lastKnownFileType = sourcecode.c.h; path = FMResultSet.h; sourceTree = "<group>"; };
		FBC9657A1A67B745003A8624 /* FMResultSet.m */ = {isa = PBXFileReference; fileEncoding = 4; lastKnownFileType = sourcecode.c.objc; path = FMResultSet.m; sourceTree = "<group>"; };
		FBC965811A67B793003A8624 /* libsqlite3.dylib */ = {isa = PBXFileReference; lastKnownFileType = "compiled.mach-o.dylib"; name = libsqlite3.dylib; path = usr/lib/libsqlite3.dylib; sourceTree = SDKROOT; };
		FBC965881A67B8AA003A8624 /* AFHTTPRequestOperation.h */ = {isa = PBXFileReference; fileEncoding = 4; lastKnownFileType = sourcecode.c.h; path = AFHTTPRequestOperation.h; sourceTree = "<group>"; };
		FBC965891A67B8AA003A8624 /* AFHTTPRequestOperation.m */ = {isa = PBXFileReference; fileEncoding = 4; lastKnownFileType = sourcecode.c.objc; path = AFHTTPRequestOperation.m; sourceTree = "<group>"; };
		FBC9658A1A67B8AA003A8624 /* AFHTTPRequestOperationManager.h */ = {isa = PBXFileReference; fileEncoding = 4; lastKnownFileType = sourcecode.c.h; path = AFHTTPRequestOperationManager.h; sourceTree = "<group>"; };
		FBC9658B1A67B8AA003A8624 /* AFHTTPRequestOperationManager.m */ = {isa = PBXFileReference; fileEncoding = 4; lastKnownFileType = sourcecode.c.objc; path = AFHTTPRequestOperationManager.m; sourceTree = "<group>"; };
		FBC9658C1A67B8AA003A8624 /* AFHTTPSessionManager.h */ = {isa = PBXFileReference; fileEncoding = 4; lastKnownFileType = sourcecode.c.h; path = AFHTTPSessionManager.h; sourceTree = "<group>"; };
		FBC9658D1A67B8AA003A8624 /* AFHTTPSessionManager.m */ = {isa = PBXFileReference; fileEncoding = 4; lastKnownFileType = sourcecode.c.objc; path = AFHTTPSessionManager.m; sourceTree = "<group>"; };
		FBC9658E1A67B8AA003A8624 /* AFNetworking.h */ = {isa = PBXFileReference; fileEncoding = 4; lastKnownFileType = sourcecode.c.h; path = AFNetworking.h; sourceTree = "<group>"; };
		FBC9658F1A67B8AA003A8624 /* AFNetworkReachabilityManager.h */ = {isa = PBXFileReference; fileEncoding = 4; lastKnownFileType = sourcecode.c.h; path = AFNetworkReachabilityManager.h; sourceTree = "<group>"; };
		FBC965901A67B8AA003A8624 /* AFNetworkReachabilityManager.m */ = {isa = PBXFileReference; fileEncoding = 4; lastKnownFileType = sourcecode.c.objc; path = AFNetworkReachabilityManager.m; sourceTree = "<group>"; };
		FBC965911A67B8AA003A8624 /* AFSecurityPolicy.h */ = {isa = PBXFileReference; fileEncoding = 4; lastKnownFileType = sourcecode.c.h; path = AFSecurityPolicy.h; sourceTree = "<group>"; };
		FBC965921A67B8AA003A8624 /* AFSecurityPolicy.m */ = {isa = PBXFileReference; fileEncoding = 4; lastKnownFileType = sourcecode.c.objc; path = AFSecurityPolicy.m; sourceTree = "<group>"; };
		FBC965931A67B8AA003A8624 /* AFURLConnectionOperation.h */ = {isa = PBXFileReference; fileEncoding = 4; lastKnownFileType = sourcecode.c.h; path = AFURLConnectionOperation.h; sourceTree = "<group>"; };
		FBC965941A67B8AA003A8624 /* AFURLConnectionOperation.m */ = {isa = PBXFileReference; fileEncoding = 4; lastKnownFileType = sourcecode.c.objc; path = AFURLConnectionOperation.m; sourceTree = "<group>"; };
		FBC965951A67B8AA003A8624 /* AFURLRequestSerialization.h */ = {isa = PBXFileReference; fileEncoding = 4; lastKnownFileType = sourcecode.c.h; path = AFURLRequestSerialization.h; sourceTree = "<group>"; };
		FBC965961A67B8AA003A8624 /* AFURLRequestSerialization.m */ = {isa = PBXFileReference; fileEncoding = 4; lastKnownFileType = sourcecode.c.objc; path = AFURLRequestSerialization.m; sourceTree = "<group>"; };
		FBC965971A67B8AA003A8624 /* AFURLResponseSerialization.h */ = {isa = PBXFileReference; fileEncoding = 4; lastKnownFileType = sourcecode.c.h; path = AFURLResponseSerialization.h; sourceTree = "<group>"; };
		FBC965981A67B8AA003A8624 /* AFURLResponseSerialization.m */ = {isa = PBXFileReference; fileEncoding = 4; lastKnownFileType = sourcecode.c.objc; path = AFURLResponseSerialization.m; sourceTree = "<group>"; };
		FBC965991A67B8AA003A8624 /* AFURLSessionManager.h */ = {isa = PBXFileReference; fileEncoding = 4; lastKnownFileType = sourcecode.c.h; path = AFURLSessionManager.h; sourceTree = "<group>"; };
		FBC9659A1A67B8AA003A8624 /* AFURLSessionManager.m */ = {isa = PBXFileReference; fileEncoding = 4; lastKnownFileType = sourcecode.c.objc; path = AFURLSessionManager.m; sourceTree = "<group>"; };
		FBDDDCB31A67C6030089CF26 /* demo.db */ = {isa = PBXFileReference; lastKnownFileType = file; path = demo.db; sourceTree = "<group>"; };
		FBDDDCB61A67DF210089CF26 /* ZXMainCell.h */ = {isa = PBXFileReference; fileEncoding = 4; lastKnownFileType = sourcecode.c.h; path = ZXMainCell.h; sourceTree = "<group>"; };
		FBDDDCB71A67DF210089CF26 /* ZXMainCell.m */ = {isa = PBXFileReference; fileEncoding = 4; lastKnownFileType = sourcecode.c.objc; path = ZXMainCell.m; sourceTree = "<group>"; };
		FBDDDCB91A67EC530089CF26 /* ZXCollectionViewController.h */ = {isa = PBXFileReference; fileEncoding = 4; lastKnownFileType = sourcecode.c.h; path = ZXCollectionViewController.h; sourceTree = "<group>"; };
		FBDDDCBA1A67EC530089CF26 /* ZXCollectionViewController.m */ = {isa = PBXFileReference; fileEncoding = 4; lastKnownFileType = sourcecode.c.objc; path = ZXCollectionViewController.m; sourceTree = "<group>"; };
/* End PBXFileReference section */

/* Begin PBXFrameworksBuildPhase section */
		FB4141281A67AE34005E5198 /* Frameworks */ = {
			isa = PBXFrameworksBuildPhase;
			buildActionMask = 2147483647;
			files = (
				FBC965821A67B793003A8624 /* libsqlite3.dylib in Frameworks */,
				FB4141311A67AE34005E5198 /* CoreGraphics.framework in Frameworks */,
				FB4141331A67AE34005E5198 /* UIKit.framework in Frameworks */,
				FB41412F1A67AE34005E5198 /* Foundation.framework in Frameworks */,
			);
			runOnlyForDeploymentPostprocessing = 0;
		};
		FB4141431A67AE34005E5198 /* Frameworks */ = {
			isa = PBXFrameworksBuildPhase;
			buildActionMask = 2147483647;
			files = (
				FB4141481A67AE34005E5198 /* XCTest.framework in Frameworks */,
				FB41414A1A67AE34005E5198 /* UIKit.framework in Frameworks */,
				FB4141491A67AE34005E5198 /* Foundation.framework in Frameworks */,
			);
			runOnlyForDeploymentPostprocessing = 0;
		};
/* End PBXFrameworksBuildPhase section */

/* Begin PBXGroup section */
		FB4141221A67AE34005E5198 = {
			isa = PBXGroup;
			children = (
				FB4141341A67AE34005E5198 /* Review_DataBase */,
				FB41414D1A67AE34005E5198 /* Review_DataBaseTests */,
				FB41412D1A67AE34005E5198 /* Frameworks */,
				FB41412C1A67AE34005E5198 /* Products */,
			);
			sourceTree = "<group>";
		};
		FB41412C1A67AE34005E5198 /* Products */ = {
			isa = PBXGroup;
			children = (
				FB41412B1A67AE34005E5198 /* Review_DataBase.app */,
				FB4141461A67AE34005E5198 /* Review_DataBaseTests.xctest */,
			);
			name = Products;
			sourceTree = "<group>";
		};
		FB41412D1A67AE34005E5198 /* Frameworks */ = {
			isa = PBXGroup;
			children = (
				FBC965811A67B793003A8624 /* libsqlite3.dylib */,
				FB41412E1A67AE34005E5198 /* Foundation.framework */,
				FB4141301A67AE34005E5198 /* CoreGraphics.framework */,
				FB4141321A67AE34005E5198 /* UIKit.framework */,
				FB4141471A67AE34005E5198 /* XCTest.framework */,
			);
			name = Frameworks;
			sourceTree = "<group>";
		};
		FB4141341A67AE34005E5198 /* Review_DataBase */ = {
			isa = PBXGroup;
			children = (
				FBDDDCB31A67C6030089CF26 /* demo.db */,
				FB41413D1A67AE34005E5198 /* ZXAppDelegate.h */,
				FB41413E1A67AE34005E5198 /* ZXAppDelegate.m */,
				FBAC2B091A67B13F00B207C4 /* 界面 */,
				FBC965831A67B7A0003A8624 /* ZXDatabase */,
				FBC9656E1A67B4DD003A8624 /* 工具类 */,
				FBC965801A67B74F003A8624 /* 第三方库 */,
				FBC9656D1A67B4B7003A8624 /* 图片资源 */,
				FB4141401A67AE34005E5198 /* Images.xcassets */,
				FB4141351A67AE34005E5198 /* Supporting Files */,
			);
			path = Review_DataBase;
			sourceTree = "<group>";
		};
		FB4141351A67AE34005E5198 /* Supporting Files */ = {
			isa = PBXGroup;
			children = (
				FB4141361A67AE34005E5198 /* Review_DataBase-Info.plist */,
				FB4141371A67AE34005E5198 /* InfoPlist.strings */,
				FB41413A1A67AE34005E5198 /* main.m */,
				FB41413C1A67AE34005E5198 /* Review_DataBase-Prefix.pch */,
			);
			name = "Supporting Files";
			sourceTree = "<group>";
		};
		FB41414D1A67AE34005E5198 /* Review_DataBaseTests */ = {
			isa = PBXGroup;
			children = (
				FB4141531A67AE34005E5198 /* Review_DataBaseTests.m */,
				FB41414E1A67AE34005E5198 /* Supporting Files */,
			);
			path = Review_DataBaseTests;
			sourceTree = "<group>";
		};
		FB41414E1A67AE34005E5198 /* Supporting Files */ = {
			isa = PBXGroup;
			children = (
				FB41414F1A67AE34005E5198 /* Review_DataBaseTests-Info.plist */,
				FB4141501A67AE34005E5198 /* InfoPlist.strings */,
			);
			name = "Supporting Files";
			sourceTree = "<group>";
		};
		FB81D91F1A67BBB700F9FDA1 /* 主界面 */ = {
			isa = PBXGroup;
			children = (
				FBDDDCB51A67DF0A0089CF26 /* cell */,
				FB81D9201A67BBC100F9FDA1 /* model */,
				FB4141631A67B075005E5198 /* ZXMainViewContrller.h */,
				FB4141641A67B075005E5198 /* ZXMainViewContrller.m */,
				FBDDDCB91A67EC530089CF26 /* ZXCollectionViewController.h */,
				FBDDDCBA1A67EC530089CF26 /* ZXCollectionViewController.m */,
			);
			name = "主界面";
			sourceTree = "<group>";
		};
		FB81D9201A67BBC100F9FDA1 /* model */ = {
			isa = PBXGroup;
			children = (
				FB81D9211A67BBFD00F9FDA1 /* MainArticleModel.h */,
				FB81D9221A67BBFD00F9FDA1 /* MainArticleModel.m */,
			);
			name = model;
			sourceTree = "<group>";
		};
		FBAC2B091A67B13F00B207C4 /* 界面 */ = {
			isa = PBXGroup;
			children = (
				FB81D91F1A67BBB700F9FDA1 /* 主界面 */,
				FBAC2B0A1A67B15500B207C4 /* ZXViewController1.h */,
				FBAC2B0B1A67B15500B207C4 /* ZXViewController1.m */,
				FBAC2B0D1A67B15C00B207C4 /* ZXViewController2.h */,
				FBAC2B0E1A67B15C00B207C4 /* ZXViewController2.m */,
				FBAC2B101A67B16200B207C4 /* ZXViewController3.h */,
				FBAC2B111A67B16200B207C4 /* ZXViewController3.m */,
				FBAC2B131A67B16900B207C4 /* ZXViewController4.h */,
				FBAC2B141A67B16900B207C4 /* ZXViewController4.m */,
				FBAC2B161A67B18F00B207C4 /* ZXMyTabBarViewController.h */,
				FBAC2B171A67B18F00B207C4 /* ZXMyTabBarViewController.m */,
			);
			name = "界面";
			sourceTree = "<group>";
		};
		FBC9656D1A67B4B7003A8624 /* 图片资源 */ = {
			isa = PBXGroup;
			children = (
				FBC965691A67B489003A8624 /* tabbar_rank.png */,
				FBC9656A1A67B489003A8624 /* tabbar_rank@2x.png */,
			);
			name = "图片资源";
			sourceTree = "<group>";
		};
		FBC9656E1A67B4DD003A8624 /* 工具类 */ = {
			isa = PBXGroup;
			children = (
				FBC9656F1A67B559003A8624 /* 下载管理类 */,
			);
			name = "工具类";
			sourceTree = "<group>";
		};
		FBC9656F1A67B559003A8624 /* 下载管理类 */ = {
			isa = PBXGroup;
			children = (
				FB41415D1A67AF6F005E5198 /* Download.h */,
				FB41415E1A67AF6F005E5198 /* Download.m */,
				FB41415F1A67AF6F005E5198 /* DownloadManager.h */,
				FB4141601A67AF6F005E5198 /* DownloadManager.m */,
			);
			name = "下载管理类";
			sourceTree = "<group>";
		};
		FBC965701A67B745003A8624 /* FMDB */ = {
			isa = PBXGroup;
			children = (
				FBC965711A67B745003A8624 /* FMDatabase.h */,
				FBC965721A67B745003A8624 /* FMDatabase.m */,
				FBC965731A67B745003A8624 /* FMDatabaseAdditions.h */,
				FBC965741A67B745003A8624 /* FMDatabaseAdditions.m */,
				FBC965751A67B745003A8624 /* FMDatabasePool.h */,
				FBC965761A67B745003A8624 /* FMDatabasePool.m */,
				FBC965771A67B745003A8624 /* FMDatabaseQueue.h */,
				FBC965781A67B745003A8624 /* FMDatabaseQueue.m */,
				FBC965791A67B745003A8624 /* FMResultSet.h */,
				FBC9657A1A67B745003A8624 /* FMResultSet.m */,
			);
			path = FMDB;
			sourceTree = "<group>";
		};
		FBC965801A67B74F003A8624 /* 第三方库 */ = {
			isa = PBXGroup;
			children = (
				FBC965871A67B8AA003A8624 /* AFNetworking */,
				FBC965701A67B745003A8624 /* FMDB */,
			);
			name = "第三方库";
			sourceTree = "<group>";
		};
		FBC965831A67B7A0003A8624 /* ZXDatabase */ = {
			isa = PBXGroup;
			children = (
				FB81D9241A67BE2600F9FDA1 /* DataBase.h */,
				FB81D9251A67BE2600F9FDA1 /* DataBase.m */,
			);
			name = ZXDatabase;
			sourceTree = "<group>";
		};
		FBC965871A67B8AA003A8624 /* AFNetworking */ = {
			isa = PBXGroup;
			children = (
				FBC965881A67B8AA003A8624 /* AFHTTPRequestOperation.h */,
				FBC965891A67B8AA003A8624 /* AFHTTPRequestOperation.m */,
				FBC9658A1A67B8AA003A8624 /* AFHTTPRequestOperationManager.h */,
				FBC9658B1A67B8AA003A8624 /* AFHTTPRequestOperationManager.m */,
				FBC9658C1A67B8AA003A8624 /* AFHTTPSessionManager.h */,
				FBC9658D1A67B8AA003A8624 /* AFHTTPSessionManager.m */,
				FBC9658E1A67B8AA003A8624 /* AFNetworking.h */,
				FBC9658F1A67B8AA003A8624 /* AFNetworkReachabilityManager.h */,
				FBC965901A67B8AA003A8624 /* AFNetworkReachabilityManager.m */,
				FBC965911A67B8AA003A8624 /* AFSecurityPolicy.h */,
				FBC965921A67B8AA003A8624 /* AFSecurityPolicy.m */,
				FBC965931A67B8AA003A8624 /* AFURLConnectionOperation.h */,
				FBC965941A67B8AA003A8624 /* AFURLConnectionOperation.m */,
				FBC965951A67B8AA003A8624 /* AFURLRequestSerialization.h */,
				FBC965961A67B8AA003A8624 /* AFURLRequestSerialization.m */,
				FBC965971A67B8AA003A8624 /* AFURLResponseSerialization.h */,
				FBC965981A67B8AA003A8624 /* AFURLResponseSerialization.m */,
				FBC965991A67B8AA003A8624 /* AFURLSessionManager.h */,
				FBC9659A1A67B8AA003A8624 /* AFURLSessionManager.m */,
			);
			path = AFNetworking;
			sourceTree = "<group>";
		};
		FBDDDCB51A67DF0A0089CF26 /* cell */ = {
			isa = PBXGroup;
			children = (
				FBDDDCB61A67DF210089CF26 /* ZXMainCell.h */,
				FBDDDCB71A67DF210089CF26 /* ZXMainCell.m */,
			);
			name = cell;
			sourceTree = "<group>";
		};
/* End PBXGroup section */

/* Begin PBXNativeTarget section */
		FB41412A1A67AE34005E5198 /* Review_DataBase */ = {
			isa = PBXNativeTarget;
			buildConfigurationList = FB4141571A67AE34005E5198 /* Build configuration list for PBXNativeTarget "Review_DataBase" */;
			buildPhases = (
				FB4141271A67AE34005E5198 /* Sources */,
				FB4141281A67AE34005E5198 /* Frameworks */,
				FB4141291A67AE34005E5198 /* Resources */,
			);
			buildRules = (
			);
			dependencies = (
			);
			name = Review_DataBase;
			productName = Review_DataBase;
			productReference = FB41412B1A67AE34005E5198 /* Review_DataBase.app */;
			productType = "com.apple.product-type.application";
		};
		FB4141451A67AE34005E5198 /* Review_DataBaseTests */ = {
			isa = PBXNativeTarget;
			buildConfigurationList = FB41415A1A67AE34005E5198 /* Build configuration list for PBXNativeTarget "Review_DataBaseTests" */;
			buildPhases = (
				FB4141421A67AE34005E5198 /* Sources */,
				FB4141431A67AE34005E5198 /* Frameworks */,
				FB4141441A67AE34005E5198 /* Resources */,
			);
			buildRules = (
			);
			dependencies = (
				FB41414C1A67AE34005E5198 /* PBXTargetDependency */,
			);
			name = Review_DataBaseTests;
			productName = Review_DataBaseTests;
			productReference = FB4141461A67AE34005E5198 /* Review_DataBaseTests.xctest */;
			productType = "com.apple.product-type.bundle.unit-test";
		};
/* End PBXNativeTarget section */

/* Begin PBXProject section */
		FB4141231A67AE34005E5198 /* Project object */ = {
			isa = PBXProject;
			attributes = {
				CLASSPREFIX = ZX;
				LastUpgradeCheck = 0510;
				ORGANIZATIONNAME = zx;
				TargetAttributes = {
					FB4141451A67AE34005E5198 = {
						TestTargetID = FB41412A1A67AE34005E5198;
					};
				};
			};
			buildConfigurationList = FB4141261A67AE34005E5198 /* Build configuration list for PBXProject "Review_DataBase" */;
			compatibilityVersion = "Xcode 3.2";
			developmentRegion = English;
			hasScannedForEncodings = 0;
			knownRegions = (
				en,
			);
			mainGroup = FB4141221A67AE34005E5198;
			productRefGroup = FB41412C1A67AE34005E5198 /* Products */;
			projectDirPath = "";
			projectRoot = "";
			targets = (
				FB41412A1A67AE34005E5198 /* Review_DataBase */,
				FB4141451A67AE34005E5198 /* Review_DataBaseTests */,
			);
		};
/* End PBXProject section */

/* Begin PBXResourcesBuildPhase section */
		FB4141291A67AE34005E5198 /* Resources */ = {
			isa = PBXResourcesBuildPhase;
			buildActionMask = 2147483647;
			files = (
				FBC9656B1A67B489003A8624 /* tabbar_rank.png in Resources */,
				FB4141391A67AE34005E5198 /* InfoPlist.strings in Resources */,
				FBC9656C1A67B489003A8624 /* tabbar_rank@2x.png in Resources */,
				FB4141411A67AE34005E5198 /* Images.xcassets in Resources */,
				FBDDDCB41A67C6030089CF26 /* demo.db in Resources */,
			);
			runOnlyForDeploymentPostprocessing = 0;
		};
		FB4141441A67AE34005E5198 /* Resources */ = {
			isa = PBXResourcesBuildPhase;
			buildActionMask = 2147483647;
			files = (
				FB4141521A67AE34005E5198 /* InfoPlist.strings in Resources */,
			);
			runOnlyForDeploymentPostprocessing = 0;
		};
/* End PBXResourcesBuildPhase section */

/* Begin PBXSourcesBuildPhase section */
		FB4141271A67AE34005E5198 /* Sources */ = {
			isa = PBXSourcesBuildPhase;
			buildActionMask = 2147483647;
			files = (
				FBDDDCBB1A67EC530089CF26 /* ZXCollectionViewController.m in Sources */,
				FBC965A31A67B8AA003A8624 /* AFURLSessionManager.m in Sources */,
				FBC965A01A67B8AA003A8624 /* AFURLConnectionOperation.m in Sources */,
				FBAC2B0F1A67B15C00B207C4 /* ZXViewController2.m in Sources */,
				FBC9659D1A67B8AA003A8624 /* AFHTTPSessionManager.m in Sources */,
				FBC9659E1A67B8AA003A8624 /* AFNetworkReachabilityManager.m in Sources */,
				FB4141611A67AF6F005E5198 /* Download.m in Sources */,
				FBC9657D1A67B745003A8624 /* FMDatabasePool.m in Sources */,
				FB81D9231A67BBFD00F9FDA1 /* MainArticleModel.m in Sources */,
				FB81D9261A67BE2600F9FDA1 /* DataBase.m in Sources */,
				FBC9657E1A67B745003A8624 /* FMDatabaseQueue.m in Sources */,
				FBAC2B151A67B16900B207C4 /* ZXViewController4.m in Sources */,
				FBC9659F1A67B8AA003A8624 /* AFSecurityPolicy.m in Sources */,
				FBAC2B121A67B16200B207C4 /* ZXViewController3.m in Sources */,
				FB41413F1A67AE34005E5198 /* ZXAppDelegate.m in Sources */,
				FBAC2B0C1A67B15500B207C4 /* ZXViewController1.m in Sources */,
				FBC9659C1A67B8AA003A8624 /* AFHTTPRequestOperationManager.m in Sources */,
				FB41413B1A67AE34005E5198 /* main.m in Sources */,
				FBC9657F1A67B745003A8624 /* FMResultSet.m in Sources */,
				FB4141621A67AF6F005E5198 /* DownloadManager.m in Sources */,
				FB4141651A67B075005E5198 /* ZXMainViewContrller.m in Sources */,
				FBC9657B1A67B745003A8624 /* FMDatabase.m in Sources */,
				FBAC2B181A67B18F00B207C4 /* ZXMyTabBarViewController.m in Sources */,
				FBC965A11A67B8AA003A8624 /* AFURLRequestSerialization.m in Sources */,
				FBC9659B1A67B8AA003A8624 /* AFHTTPRequestOperation.m in Sources */,
				FBC965A21A67B8AA003A8624 /* AFURLResponseSerialization.m in Sources */,
				FBDDDCB81A67DF210089CF26 /* ZXMainCell.m in Sources */,
				FBC9657C1A67B745003A8624 /* FMDatabaseAdditions.m in Sources */,
			);
			runOnlyForDeploymentPostprocessing = 0;
		};
		FB4141421A67AE34005E5198 /* Sources */ = {
			isa = PBXSourcesBuildPhase;
			buildActionMask = 2147483647;
			files = (
				FB4141541A67AE34005E5198 /* Review_DataBaseTests.m in Sources */,
			);
			runOnlyForDeploymentPostprocessing = 0;
		};
/* End PBXSourcesBuildPhase section */

/* Begin PBXTargetDependency section */
		FB41414C1A67AE34005E5198 /* PBXTargetDependency */ = {
			isa = PBXTargetDependency;
			target = FB41412A1A67AE34005E5198 /* Review_DataBase */;
			targetProxy = FB41414B1A67AE34005E5198 /* PBXContainerItemProxy */;
		};
/* End PBXTargetDependency section */

/* Begin PBXVariantGroup section */
		FB4141371A67AE34005E5198 /* InfoPlist.strings */ = {
			isa = PBXVariantGroup;
			children = (
				FB4141381A67AE34005E5198 /* en */,
			);
			name = InfoPlist.strings;
			sourceTree = "<group>";
		};
		FB4141501A67AE34005E5198 /* InfoPlist.strings */ = {
			isa = PBXVariantGroup;
			children = (
				FB4141511A67AE34005E5198 /* en */,
			);
			name = InfoPlist.strings;
			sourceTree = "<group>";
		};
/* End PBXVariantGroup section */

/* Begin XCBuildConfiguration section */
		FB4141551A67AE34005E5198 /* Debug */ = {
			isa = XCBuildConfiguration;
			buildSettings = {
				ALWAYS_SEARCH_USER_PATHS = NO;
				CLANG_CXX_LANGUAGE_STANDARD = "gnu++0x";
				CLANG_CXX_LIBRARY = "libc++";
				CLANG_ENABLE_MODULES = YES;
				CLANG_ENABLE_OBJC_ARC = YES;
				CLANG_WARN_BOOL_CONVERSION = YES;
				CLANG_WARN_CONSTANT_CONVERSION = YES;
				CLANG_WARN_DIRECT_OBJC_ISA_USAGE = YES_ERROR;
				CLANG_WARN_EMPTY_BODY = YES;
				CLANG_WARN_ENUM_CONVERSION = YES;
				CLANG_WARN_INT_CONVERSION = YES;
				CLANG_WARN_OBJC_ROOT_CLASS = YES_ERROR;
				CLANG_WARN__DUPLICATE_METHOD_MATCH = YES;
				"CODE_SIGN_IDENTITY[sdk=iphoneos*]" = "iPhone Developer";
				COPY_PHASE_STRIP = NO;
				GCC_C_LANGUAGE_STANDARD = gnu99;
				GCC_DYNAMIC_NO_PIC = NO;
				GCC_OPTIMIZATION_LEVEL = 0;
				GCC_PREPROCESSOR_DEFINITIONS = (
					"DEBUG=1",
					"$(inherited)",
				);
				GCC_SYMBOLS_PRIVATE_EXTERN = NO;
				GCC_WARN_64_TO_32_BIT_CONVERSION = YES;
				GCC_WARN_ABOUT_RETURN_TYPE = YES_ERROR;
				GCC_WARN_UNDECLARED_SELECTOR = YES;
				GCC_WARN_UNINITIALIZED_AUTOS = YES_AGGRESSIVE;
				GCC_WARN_UNUSED_FUNCTION = YES;
				GCC_WARN_UNUSED_VARIABLE = YES;
				IPHONEOS_DEPLOYMENT_TARGET = 7.1;
				ONLY_ACTIVE_ARCH = YES;
				SDKROOT = iphoneos;
			};
			name = Debug;
		};
		FB4141561A67AE34005E5198 /* Release */ = {
			isa = XCBuildConfiguration;
			buildSettings = {
				ALWAYS_SEARCH_USER_PATHS = NO;
				CLANG_CXX_LANGUAGE_STANDARD = "gnu++0x";
				CLANG_CXX_LIBRARY = "libc++";
				CLANG_ENABLE_MODULES = YES;
				CLANG_ENABLE_OBJC_ARC = YES;
				CLANG_WARN_BOOL_CONVERSION = YES;
				CLANG_WARN_CONSTANT_CONVERSION = YES;
				CLANG_WARN_DIRECT_OBJC_ISA_USAGE = YES_ERROR;
				CLANG_WARN_EMPTY_BODY = YES;
				CLANG_WARN_ENUM_CONVERSION = YES;
				CLANG_WARN_INT_CONVERSION = YES;
				CLANG_WARN_OBJC_ROOT_CLASS = YES_ERROR;
				CLANG_WARN__DUPLICATE_METHOD_MATCH = YES;
				"CODE_SIGN_IDENTITY[sdk=iphoneos*]" = "iPhone Developer";
				COPY_PHASE_STRIP = YES;
				ENABLE_NS_ASSERTIONS = NO;
				GCC_C_LANGUAGE_STANDARD = gnu99;
				GCC_WARN_64_TO_32_BIT_CONVERSION = YES;
				GCC_WARN_ABOUT_RETURN_TYPE = YES_ERROR;
				GCC_WARN_UNDECLARED_SELECTOR = YES;
				GCC_WARN_UNINITIALIZED_AUTOS = YES_AGGRESSIVE;
				GCC_WARN_UNUSED_FUNCTION = YES;
				GCC_WARN_UNUSED_VARIABLE = YES;
				IPHONEOS_DEPLOYMENT_TARGET = 7.1;
				SDKROOT = iphoneos;
				VALIDATE_PRODUCT = YES;
			};
			name = Release;
		};
		FB4141581A67AE34005E5198 /* Debug */ = {
			isa = XCBuildConfiguration;
			buildSettings = {
				ASSETCATALOG_COMPILER_APPICON_NAME = AppIcon;
				ASSETCATALOG_COMPILER_LAUNCHIMAGE_NAME = LaunchImage;
				GCC_PRECOMPILE_PREFIX_HEADER = YES;
				GCC_PREFIX_HEADER = "Review_DataBase/Review_DataBase-Prefix.pch";
				INFOPLIST_FILE = "Review_DataBase/Review_DataBase-Info.plist";
				PRODUCT_NAME = "$(TARGET_NAME)";
				WRAPPER_EXTENSION = app;
			};
			name = Debug;
		};
		FB4141591A67AE34005E5198 /* Release */ = {
			isa = XCBuildConfiguration;
			buildSettings = {
				ASSETCATALOG_COMPILER_APPICON_NAME = AppIcon;
				ASSETCATALOG_COMPILER_LAUNCHIMAGE_NAME = LaunchImage;
				GCC_PRECOMPILE_PREFIX_HEADER = YES;
				GCC_PREFIX_HEADER = "Review_DataBase/Review_DataBase-Prefix.pch";
				INFOPLIST_FILE = "Review_DataBase/Review_DataBase-Info.plist";
				PRODUCT_NAME = "$(TARGET_NAME)";
				WRAPPER_EXTENSION = app;
			};
			name = Release;
		};
		FB41415B1A67AE34005E5198 /* Debug */ = {
			isa = XCBuildConfiguration;
			buildSettings = {
				BUNDLE_LOADER = "$(BUILT_PRODUCTS_DIR)/Review_DataBase.app/Review_DataBase";
				FRAMEWORK_SEARCH_PATHS = (
					"$(SDKROOT)/Developer/Library/Frameworks",
					"$(inherited)",
					"$(DEVELOPER_FRAMEWORKS_DIR)",
				);
				GCC_PRECOMPILE_PREFIX_HEADER = YES;
				GCC_PREFIX_HEADER = "Review_DataBase/Review_DataBase-Prefix.pch";
				GCC_PREPROCESSOR_DEFINITIONS = (
					"DEBUG=1",
					"$(inherited)",
				);
				INFOPLIST_FILE = "Review_DataBaseTests/Review_DataBaseTests-Info.plist";
				PRODUCT_NAME = "$(TARGET_NAME)";
				TEST_HOST = "$(BUNDLE_LOADER)";
				WRAPPER_EXTENSION = xctest;
			};
			name = Debug;
		};
		FB41415C1A67AE34005E5198 /* Release */ = {
			isa = XCBuildConfiguration;
			buildSettings = {
				BUNDLE_LOADER = "$(BUILT_PRODUCTS_DIR)/Review_DataBase.app/Review_DataBase";
				FRAMEWORK_SEARCH_PATHS = (
					"$(SDKROOT)/Developer/Library/Frameworks",
					"$(inherited)",
					"$(DEVELOPER_FRAMEWORKS_DIR)",
				);
				GCC_PRECOMPILE_PREFIX_HEADER = YES;
				GCC_PREFIX_HEADER = "Review_DataBase/Review_DataBase-Prefix.pch";
				INFOPLIST_FILE = "Review_DataBaseTests/Review_DataBaseTests-Info.plist";
				PRODUCT_NAME = "$(TARGET_NAME)";
				TEST_HOST = "$(BUNDLE_LOADER)";
				WRAPPER_EXTENSION = xctest;
			};
			name = Release;
		};
/* End XCBuildConfiguration section */

/* Begin XCConfigurationList section */
		FB4141261A67AE34005E5198 /* Build configuration list for PBXProject "Review_DataBase" */ = {
			isa = XCConfigurationList;
			buildConfigurations = (
				FB4141551A67AE34005E5198 /* Debug */,
				FB4141561A67AE34005E5198 /* Release */,
			);
			defaultConfigurationIsVisible = 0;
			defaultConfigurationName = Release;
		};
		FB4141571A67AE34005E5198 /* Build configuration list for PBXNativeTarget "Review_DataBase" */ = {
			isa = XCConfigurationList;
			buildConfigurations = (
				FB4141581A67AE34005E5198 /* Debug */,
				FB4141591A67AE34005E5198 /* Release */,
			);
			defaultConfigurationIsVisible = 0;
			defaultConfigurationName = Release;
		};
		FB41415A1A67AE34005E5198 /* Build configuration list for PBXNativeTarget "Review_DataBaseTests" */ = {
			isa = XCConfigurationList;
			buildConfigurations = (
				FB41415B1A67AE34005E5198 /* Debug */,
				FB41415C1A67AE34005E5198 /* Release */,
			);
			defaultConfigurationIsVisible = 0;
			defaultConfigurationName = Release;
		};
/* End XCConfigurationList section */
	};
	rootObject = FB4141231A67AE34005E5198 /* Project object */;
}
